{
  "name": "tbdex-pfi",
  "version": "1.0.0",
  "lockfileVersion": 3,
  "requires": true,
  "packages": {
    "": {
      "name": "tbdex-pfi",
      "version": "1.0.0",
      "license": "ISC",
      "dependencies": {
        "@tbd54566975/tbdex": "^0.0.17"
      }
    },
    "node_modules/@sphereon/pex-models": {
      "version": "2.0.3",
      "resolved": "https://registry.npmjs.org/@sphereon/pex-models/-/pex-models-2.0.3.tgz",
      "integrity": "sha512-NsPeYmJLhxRG5fJxpcHnRR3xvi7i8SK8s21kYR9oBWO8cBU9qBCpw3gdUNiyI01/h6fbYqkIZ7eBNsHBIzqk5Q=="
    },
    "node_modules/@tbd54566975/tbdex": {
      "version": "0.0.17",
      "resolved": "https://registry.npmjs.org/@tbd54566975/tbdex/-/tbdex-0.0.17.tgz",
      "integrity": "sha512-VosNfzQ4ivhsAJWkTFTI0U2GcWtVJdwqh2JMp/vkTQY7aqG6EwPQdfYYWiwhj7vs/yXCEghLkaNN00nF2ZxBwA==",
      "dependencies": {
        "@sphereon/pex-models": "2.0.3",
        "ajv": "8.12.0",
        "typeid-js": "^0.3.0",
        "ulidx": "2.0.0"
      }
    },
    "node_modules/ajv": {
      "version": "8.12.0",
      "resolved": "https://registry.npmjs.org/ajv/-/ajv-8.12.0.tgz",
      "integrity": "sha512-sRu1kpcO9yLtYxBKvqfTeh9KzZEwO3STyX1HT+4CaDzC6HpTGYhIhPIzj9XuKU7KYDwnaeh5hcOwjy1QuJzBPA==",
      "dependencies": {
        "fast-deep-equal": "^3.1.1",
        "json-schema-traverse": "^1.0.0",
        "require-from-string": "^2.0.2",
        "uri-js": "^4.2.2"
      },
      "funding": {
        "type": "github",
        "url": "https://github.com/sponsors/epoberezkin"
      }
    },
    "node_modules/fast-deep-equal": {
      "version": "3.1.3",
      "resolved": "https://registry.npmjs.org/fast-deep-equal/-/fast-deep-equal-3.1.3.tgz",
      "integrity": "sha512-f3qQ9oQy9j2AhBe/H9VC91wLmKBCCU/gDOnKNAYG5hswO7BLKj09Hc5HYNz9cGI++xlpDCIgDaitVs03ATR84Q=="
    },
    "node_modules/json-schema-traverse": {
      "version": "1.0.0",
      "resolved": "https://registry.npmjs.org/json-schema-traverse/-/json-schema-traverse-1.0.0.tgz",
      "integrity": "sha512-NM8/P9n3XjXhIZn1lLhkFaACTOURQXjWhV4BA/RnOv8xvgqtqpAX9IO4mRQxSx1Rlo4tqzeqb0sOlruaOy3dug=="
    },
    "node_modules/layerr": {
      "version": "2.0.1",
      "resolved": "https://registry.npmjs.org/layerr/-/layerr-2.0.1.tgz",
      "integrity": "sha512-z0730CwG/JO24evdORnyDkwG1Q7b7mF2Tp1qRQ0YvrMMARbt1DFG694SOv439Gm7hYKolyZyaB49YIrYIfZBdg=="
    },
    "node_modules/punycode": {
      "version": "2.3.0",
      "resolved": "https://registry.npmjs.org/punycode/-/punycode-2.3.0.tgz",
      "integrity": "sha512-rRV+zQD8tVFys26lAGR9WUuS4iUAngJScM+ZRSKtvl5tKeZ2t5bvdNFdNHBW9FWR4guGHlgmsZ1G7BSm2wTbuA==",
      "engines": {
        "node": ">=6"
      }
    },
    "node_modules/require-from-string": {
      "version": "2.0.2",
      "resolved": "https://registry.npmjs.org/require-from-string/-/require-from-string-2.0.2.tgz",
      "integrity": "sha512-Xf0nWe6RseziFMu+Ap9biiUbmplq6S9/p+7w7YXP/JBHhrUDDUhwa+vANyubuqfZWTveU//DYVGsDG7RKL/vEw==",
      "engines": {
        "node": ">=0.10.0"
      }
    },
    "node_modules/typeid-js": {
      "version": "0.3.0",
      "resolved": "https://registry.npmjs.org/typeid-js/-/typeid-js-0.3.0.tgz",
      "integrity": "sha512-A1EmvIWG6xwYRfHuYUjPltHqteZ1EiDG+HOmbIYXeHUVztmnGrPIfU9KIK1QC30x59ko0r4JsMlwzsALCyiB3Q==",
      "dependencies": {
        "uuidv7": "^0.4.4"
      }
    },
    "node_modules/ulidx": {
      "version": "2.0.0",
      "resolved": "https://registry.npmjs.org/ulidx/-/ulidx-2.0.0.tgz",
      "integrity": "sha512-cz6HnYL8aQeR1l7qgo4qK88kLhnVQn1qLjALMoa4rtmj6/jw3yS2KUxu3r+d8GSKkeK9ctw+n8VmCygqfDtckA==",
      "dependencies": {
        "layerr": "^2.0.0"
      },
      "engines": {
        "node": ">=16"
      }
    },
    "node_modules/uri-js": {
      "version": "4.4.1",
      "resolved": "https://registry.npmjs.org/uri-js/-/uri-js-4.4.1.tgz",
      "integrity": "sha512-7rKUyy33Q1yc98pQ1DAmLtwX109F7TIfWlW1Ydo8Wl1ii1SeHieeh0HHfPeL2fMXK6z0s8ecKs9frCuLJvndBg==",
      "dependencies": {
        "punycode": "^2.1.0"
      }
    },
    "node_modules/uuidv7": {
      "version": "0.4.4",
      "resolved": "https://registry.npmjs.org/uuidv7/-/uuidv7-0.4.4.tgz",
      "integrity": "sha512-jjRGChg03uGp9f6wQYSO8qXkweJwRbA5WRuEQE8xLIiehIzIIi23qZSzsyvZPCPoFqkeLtZuz7Plt1LGukAInA==",
      "bin": {
        "uuidv7": "cli.js"
      }
    }
  }
}
